// !$*UTF8*$!
{
	archiveVersion = 1;
	classes = {
	};
	objectVersion = 50;
	objects = {

/* Begin PBXBuildFile section */
		3B0CD92F250B873300CC20C3 /* AppDelegate.swift in Sources */ = {isa = PBXBuildFile; fileRef = 3B0CD92E250B873300CC20C3 /* AppDelegate.swift */; };
		3B0CD931250B873300CC20C3 /* SceneDelegate.swift in Sources */ = {isa = PBXBuildFile; fileRef = 3B0CD930250B873300CC20C3 /* SceneDelegate.swift */; };
		3B0CD933250B873300CC20C3 /* ViewController.swift in Sources */ = {isa = PBXBuildFile; fileRef = 3B0CD932250B873300CC20C3 /* ViewController.swift */; };
		3B0CD936250B873300CC20C3 /* Main.storyboard in Resources */ = {isa = PBXBuildFile; fileRef = 3B0CD934250B873300CC20C3 /* Main.storyboard */; };
		3B0CD938250B874A00CC20C3 /* Assets.xcassets in Resources */ = {isa = PBXBuildFile; fileRef = 3B0CD937250B874A00CC20C3 /* Assets.xcassets */; };
		3B0CD93B250B874A00CC20C3 /* LaunchScreen.storyboard in Resources */ = {isa = PBXBuildFile; fileRef = 3B0CD939250B874A00CC20C3 /* LaunchScreen.storyboard */; };
		3B0CD946250B874B00CC20C3 /* SampleProjectTests.swift in Sources */ = {isa = PBXBuildFile; fileRef = 3B0CD945250B874B00CC20C3 /* SampleProjectTests.swift */; };
		3B0CD951250B874B00CC20C3 /* SampleProjectUITests.swift in Sources */ = {isa = PBXBuildFile; fileRef = 3B0CD950250B874B00CC20C3 /* SampleProjectUITests.swift */; };
		3B0CD95F250B8CFA00CC20C3 /* CollectionViewCell.swift in Sources */ = {isa = PBXBuildFile; fileRef = 3B0CD95E250B8CFA00CC20C3 /* CollectionViewCell.swift */; };
/* End PBXBuildFile section */

/* Begin PBXContainerItemProxy section */
		3B0CD942250B874B00CC20C3 /* PBXContainerItemProxy */ = {
			isa = PBXContainerItemProxy;
			containerPortal = 3B0CD923250B873300CC20C3 /* Project object */;
			proxyType = 1;
			remoteGlobalIDString = 3B0CD92A250B873300CC20C3;
			remoteInfo = SampleProject;
		};
		3B0CD94D250B874B00CC20C3 /* PBXContainerItemProxy */ = {
			isa = PBXContainerItemProxy;
			containerPortal = 3B0CD923250B873300CC20C3 /* Project object */;
			proxyType = 1;
			remoteGlobalIDString = 3B0CD92A250B873300CC20C3;
			remoteInfo = SampleProject;
		};
/* End PBXContainerItemProxy section */

/* Begin PBXFileReference section */
		3B0CD92B250B873300CC20C3 /* SampleProject.app */ = {isa = PBXFileReference; explicitFileType = wrapper.application; includeInIndex = 0; path = SampleProject.app; sourceTree = BUILT_PRODUCTS_DIR; };
		3B0CD92E250B873300CC20C3 /* AppDelegate.swift */ = {isa = PBXFileReference; lastKnownFileType = sourcecode.swift; path = AppDelegate.swift; sourceTree = "<group>"; };
		3B0CD930250B873300CC20C3 /* SceneDelegate.swift */ = {isa = PBXFileReference; lastKnownFileType = sourcecode.swift; path = SceneDelegate.swift; sourceTree = "<group>"; };
		3B0CD932250B873300CC20C3 /* ViewController.swift */ = {isa = PBXFileReference; lastKnownFileType = sourcecode.swift; path = ViewController.swift; sourceTree = "<group>"; };
		3B0CD935250B873300CC20C3 /* Base */ = {isa = PBXFileReference; lastKnownFileType = file.storyboard; name = Base; path = Base.lproj/Main.storyboard; sourceTree = "<group>"; };
		3B0CD937250B874A00CC20C3 /* Assets.xcassets */ = {isa = PBXFileReference; lastKnownFileType = folder.assetcatalog; path = Assets.xcassets; sourceTree = "<group>"; };
		3B0CD93A250B874A00CC20C3 /* Base */ = {isa = PBXFileReference; lastKnownFileType = file.storyboard; name = Base; path = Base.lproj/LaunchScreen.storyboard; sourceTree = "<group>"; };
		3B0CD93C250B874A00CC20C3 /* Info.plist */ = {isa = PBXFileReference; lastKnownFileType = text.plist.xml; path = Info.plist; sourceTree = "<group>"; };
		3B0CD941250B874B00CC20C3 /* SampleProjectTests.xctest */ = {isa = PBXFileReference; explicitFileType = wrapper.cfbundle; includeInIndex = 0; path = SampleProjectTests.xctest; sourceTree = BUILT_PRODUCTS_DIR; };
		3B0CD945250B874B00CC20C3 /* SampleProjectTests.swift */ = {isa = PBXFileReference; lastKnownFileType = sourcecode.swift; path = SampleProjectTests.swift; sourceTree = "<group>"; };
		3B0CD947250B874B00CC20C3 /* Info.plist */ = {isa = PBXFileReference; lastKnownFileType = text.plist.xml; path = Info.plist; sourceTree = "<group>"; };
		3B0CD94C250B874B00CC20C3 /* SampleProjectUITests.xctest */ = {isa = PBXFileReference; explicitFileType = wrapper.cfbundle; includeInIndex = 0; path = SampleProjectUITests.xctest; sourceTree = BUILT_PRODUCTS_DIR; };
		3B0CD950250B874B00CC20C3 /* SampleProjectUITests.swift */ = {isa = PBXFileReference; lastKnownFileType = sourcecode.swift; path = SampleProjectUITests.swift; sourceTree = "<group>"; };
		3B0CD952250B874B00CC20C3 /* Info.plist */ = {isa = PBXFileReference; lastKnownFileType = text.plist.xml; path = Info.plist; sourceTree = "<group>"; };
		3B0CD95E250B8CFA00CC20C3 /* CollectionViewCell.swift */ = {isa = PBXFileReference; lastKnownFileType = sourcecode.swift; path = CollectionViewCell.swift; sourceTree = "<group>"; };
/* End PBXFileReference section */

/* Begin PBXFrameworksBuildPhase section */
		3B0CD928250B873300CC20C3 /* Frameworks */ = {
			isa = PBXFrameworksBuildPhase;
			buildActionMask = 2147483647;
			files = (
			);
			runOnlyForDeploymentPostprocessing = 0;
		};
		3B0CD93E250B874B00CC20C3 /* Frameworks */ = {
			isa = PBXFrameworksBuildPhase;
			buildActionMask = 2147483647;
			files = (
			);
			runOnlyForDeploymentPostprocessing = 0;
		};
		3B0CD949250B874B00CC20C3 /* Frameworks */ = {
			isa = PBXFrameworksBuildPhase;
			buildActionMask = 2147483647;
			files = (
			);
			runOnlyForDeploymentPostprocessing = 0;
		};
/* End PBXFrameworksBuildPhase section */

/* Begin PBXGroup section */
		3B0CD922250B873300CC20C3 = {
			isa = PBXGroup;
			children = (
				3B0CD92D250B873300CC20C3 /* SampleProject */,
				3B0CD944250B874B00CC20C3 /* SampleProjectTests */,
				3B0CD94F250B874B00CC20C3 /* SampleProjectUITests */,
				3B0CD92C250B873300CC20C3 /* Products */,
			);
			sourceTree = "<group>";
		};
		3B0CD92C250B873300CC20C3 /* Products */ = {
			isa = PBXGroup;
			children = (
				3B0CD92B250B873300CC20C3 /* SampleProject.app */,
				3B0CD941250B874B00CC20C3 /* SampleProjectTests.xctest */,
				3B0CD94C250B874B00CC20C3 /* SampleProjectUITests.xctest */,
			);
			name = Products;
			sourceTree = "<group>";
		};
		3B0CD92D250B873300CC20C3 /* SampleProject */ = {
			isa = PBXGroup;
			children = (
				3B0CD92E250B873300CC20C3 /* AppDelegate.swift */,
				3B0CD930250B873300CC20C3 /* SceneDelegate.swift */,
				3B0CD960250BC59300CC20C3 /* Controller */,
				3B0CD95E250B8CFA00CC20C3 /* CollectionViewCell.swift */,
				3B0CD961250BC5A200CC20C3 /* View */,
				3B0CD937250B874A00CC20C3 /* Assets.xcassets */,
				3B0CD939250B874A00CC20C3 /* LaunchScreen.storyboard */,
				3B0CD93C250B874A00CC20C3 /* Info.plist */,
			);
			path = SampleProject;
			sourceTree = "<group>";
		};
		3B0CD944250B874B00CC20C3 /* SampleProjectTests */ = {
			isa = PBXGroup;
			children = (
				3B0CD945250B874B00CC20C3 /* SampleProjectTests.swift */,
				3B0CD947250B874B00CC20C3 /* Info.plist */,
			);
			path = SampleProjectTests;
			sourceTree = "<group>";
		};
		3B0CD94F250B874B00CC20C3 /* SampleProjectUITests */ = {
			isa = PBXGroup;
			children = (
				3B0CD950250B874B00CC20C3 /* SampleProjectUITests.swift */,
				3B0CD952250B874B00CC20C3 /* Info.plist */,
			);
			path = SampleProjectUITests;
			sourceTree = "<group>";
		};
		3B0CD960250BC59300CC20C3 /* Controller */ = {
			isa = PBXGroup;
			children = (
				3B0CD932250B873300CC20C3 /* ViewController.swift */,
			);
			path = Controller;
			sourceTree = "<group>";
		};
		3B0CD961250BC5A200CC20C3 /* View */ = {
			isa = PBXGroup;
			children = (
				3B0CD934250B873300CC20C3 /* Main.storyboard */,
			);
			path = View;
			sourceTree = "<group>";
		};
/* End PBXGroup section */

/* Begin PBXNativeTarget section */
		3B0CD92A250B873300CC20C3 /* SampleProject */ = {
			isa = PBXNativeTarget;
			buildConfigurationList = 3B0CD955250B874B00CC20C3 /* Build configuration list for PBXNativeTarget "SampleProject" */;
			buildPhases = (
				3B0CD927250B873300CC20C3 /* Sources */,
				3B0CD928250B873300CC20C3 /* Frameworks */,
				3B0CD929250B873300CC20C3 /* Resources */,
			);
			buildRules = (
			);
			dependencies = (
			);
			name = SampleProject;
			productName = SampleProject;
			productReference = 3B0CD92B250B873300CC20C3 /* SampleProject.app */;
			productType = "com.apple.product-type.application";
		};
		3B0CD940250B874B00CC20C3 /* SampleProjectTests */ = {
			isa = PBXNativeTarget;
			buildConfigurationList = 3B0CD958250B874B00CC20C3 /* Build configuration list for PBXNativeTarget "SampleProjectTests" */;
			buildPhases = (
				3B0CD93D250B874B00CC20C3 /* Sources */,
				3B0CD93E250B874B00CC20C3 /* Frameworks */,
				3B0CD93F250B874B00CC20C3 /* Resources */,
			);
			buildRules = (
			);
			dependencies = (
				3B0CD943250B874B00CC20C3 /* PBXTargetDependency */,
			);
			name = SampleProjectTests;
			productName = SampleProjectTests;
			productReference = 3B0CD941250B874B00CC20C3 /* SampleProjectTests.xctest */;
			productType = "com.apple.product-type.bundle.unit-test";
		};
		3B0CD94B250B874B00CC20C3 /* SampleProjectUITests */ = {
			isa = PBXNativeTarget;
			buildConfigurationList = 3B0CD95B250B874B00CC20C3 /* Build configuration list for PBXNativeTarget "SampleProjectUITests" */;
			buildPhases = (
				3B0CD948250B874B00CC20C3 /* Sources */,
				3B0CD949250B874B00CC20C3 /* Frameworks */,
				3B0CD94A250B874B00CC20C3 /* Resources */,
			);
			buildRules = (
			);
			dependencies = (
				3B0CD94E250B874B00CC20C3 /* PBXTargetDependency */,
			);
			name = SampleProjectUITests;
			productName = SampleProjectUITests;
			productReference = 3B0CD94C250B874B00CC20C3 /* SampleProjectUITests.xctest */;
			productType = "com.apple.product-type.bundle.ui-testing";
		};
/* End PBXNativeTarget section */

/* Begin PBXProject section */
		3B0CD923250B873300CC20C3 /* Project object */ = {
			isa = PBXProject;
			attributes = {
				LastSwiftUpdateCheck = 1170;
				LastUpgradeCheck = 1170;
				ORGANIZATIONNAME = "Karthik Rajan T ";
				TargetAttributes = {
					3B0CD92A250B873300CC20C3 = {
						CreatedOnToolsVersion = 11.7;
					};
					3B0CD940250B874B00CC20C3 = {
						CreatedOnToolsVersion = 11.7;
						TestTargetID = 3B0CD92A250B873300CC20C3;
					};
					3B0CD94B250B874B00CC20C3 = {
						CreatedOnToolsVersion = 11.7;
						TestTargetID = 3B0CD92A250B873300CC20C3;
					};
				};
			};
			buildConfigurationList = 3B0CD926250B873300CC20C3 /* Build configuration list for PBXProject "SampleProject" */;
			compatibilityVersion = "Xcode 9.3";
			developmentRegion = en;
			hasScannedForEncodings = 0;
			knownRegions = (
				en,
				Base,
			);
			mainGroup = 3B0CD922250B873300CC20C3;
			productRefGroup = 3B0CD92C250B873300CC20C3 /* Products */;
			projectDirPath = "";
			projectRoot = "";
			targets = (
				3B0CD92A250B873300CC20C3 /* SampleProject */,
				3B0CD940250B874B00CC20C3 /* SampleProjectTests */,
				3B0CD94B250B874B00CC20C3 /* SampleProjectUITests */,
			);
		};
/* End PBXProject section */

/* Begin PBXResourcesBuildPhase section */
		3B0CD929250B873300CC20C3 /* Resources */ = {
			isa = PBXResourcesBuildPhase;
			buildActionMask = 2147483647;
			files = (
				3B0CD93B250B874A00CC20C3 /* LaunchScreen.storyboard in Resources */,
				3B0CD938250B874A00CC20C3 /* Assets.xcassets in Resources */,
				3B0CD936250B873300CC20C3 /* Main.storyboard in Resources */,
			);
			runOnlyForDeploymentPostprocessing = 0;
		};
		3B0CD93F250B874B00CC20C3 /* Resources */ = {
			isa = PBXResourcesBuildPhase;
			buildActionMask = 2147483647;
			files = (
			);
			runOnlyForDeploymentPostprocessing = 0;
		};
		3B0CD94A250B874B00CC20C3 /* Resources */ = {
			isa = PBXResourcesBuildPhase;
			buildActionMask = 2147483647;
			files = (
			);
			runOnlyForDeploymentPostprocessing = 0;
		};
/* End PBXResourcesBuildPhase section */

/* Begin PBXSourcesBuildPhase section */
		3B0CD927250B873300CC20C3 /* Sources */ = {
			isa = PBXSourcesBuildPhase;
			buildActionMask = 2147483647;
			files = (
				3B0CD933250B873300CC20C3 /* ViewController.swift in Sources */,
				3B0CD92F250B873300CC20C3 /* AppDelegate.swift in Sources */,
				3B0CD95F250B8CFA00CC20C3 /* CollectionViewCell.swift in Sources */,
				3B0CD931250B873300CC20C3 /* SceneDelegate.swift in Sources */,
			);
			runOnlyForDeploymentPostprocessing = 0;
		};
		3B0CD93D250B874B00CC20C3 /* Sources */ = {
			isa = PBXSourcesBuildPhase;
			buildActionMask = 2147483647;
			files = (
				3B0CD946250B874B00CC20C3 /* SampleProjectTests.swift in Sources */,
			);
			runOnlyForDeploymentPostprocessing = 0;
		};
		3B0CD948250B874B00CC20C3 /* Sources */ = {
			isa = PBXSourcesBuildPhase;
			buildActionMask = 2147483647;
			files = (
				3B0CD951250B874B00CC20C3 /* SampleProjectUITests.swift in Sources */,
			);
			runOnlyForDeploymentPostprocessing = 0;
		};
/* End PBXSourcesBuildPhase section */

/* Begin PBXTargetDependency section */
		3B0CD943250B874B00CC20C3 /* PBXTargetDependency */ = {
			isa = PBXTargetDependency;
			target = 3B0CD92A250B873300CC20C3 /* SampleProject */;
			targetProxy = 3B0CD942250B874B00CC20C3 /* PBXContainerItemProxy */;
		};
		3B0CD94E250B874B00CC20C3 /* PBXTargetDependency */ = {
			isa = PBXTargetDependency;
			target = 3B0CD92A250B873300CC20C3 /* SampleProject */;
			targetProxy = 3B0CD94D250B874B00CC20C3 /* PBXContainerItemProxy */;
		};
/* End PBXTargetDependency section */

/* Begin PBXVariantGroup section */
		3B0CD934250B873300CC20C3 /* Main.storyboard */ = {
			isa = PBXVariantGroup;
			children = (
				3B0CD935250B873300CC20C3 /* Base */,
			);
			name = Main.storyboard;
			sourceTree = "<group>";
		};
		3B0CD939250B874A00CC20C3 /* LaunchScreen.storyboard */ = {
			isa = PBXVariantGroup;
			children = (
				3B0CD93A250B874A00CC20C3 /* Base */,
			);
			name = LaunchScreen.storyboard;
			sourceTree = "<group>";
		};
/* End PBXVariantGroup section */

/* Begin XCBuildConfiguration section */
		3B0CD953250B874B00CC20C3 /* Debug */ = {
			isa = XCBuildConfiguration;
			buildSettings = {
				ALWAYS_SEARCH_USER_PATHS = NO;
				CLANG_ANALYZER_NONNULL = YES;
				CLANG_ANALYZER_NUMBER_OBJECT_CONVERSION = YES_AGGRESSIVE;
				CLANG_CXX_LANGUAGE_STANDARD = "gnu++14";
				CLANG_CXX_LIBRARY = "libc++";
				CLANG_ENABLE_MODULES = YES;
				CLANG_ENABLE_OBJC_ARC = YES;
				CLANG_ENABLE_OBJC_WEAK = YES;
				CLANG_WARN_BLOCK_CAPTURE_AUTORELEASING = YES;
				CLANG_WARN_BOOL_CONVERSION = YES;
				CLANG_WARN_COMMA = YES;
				CLANG_WARN_CONSTANT_CONVERSION = YES;
				CLANG_WARN_DEPRECATED_OBJC_IMPLEMENTATIONS = YES;
				CLANG_WARN_DIRECT_OBJC_ISA_USAGE = YES_ERROR;
				CLANG_WARN_DOCUMENTATION_COMMENTS = YES;
				CLANG_WARN_EMPTY_BODY = YES;
				CLANG_WARN_ENUM_CONVERSION = YES;
				CLANG_WARN_INFINITE_RECURSION = YES;
				CLANG_WARN_INT_CONVERSION = YES;
				CLANG_WARN_NON_LITERAL_NULL_CONVERSION = YES;
				CLANG_WARN_OBJC_IMPLICIT_RETAIN_SELF = YES;
				CLANG_WARN_OBJC_LITERAL_CONVERSION = YES;
				CLANG_WARN_OBJC_ROOT_CLASS = YES_ERROR;
				CLANG_WARN_RANGE_LOOP_ANALYSIS = YES;
				CLANG_WARN_STRICT_PROTOTYPES = YES;
				CLANG_WARN_SUSPICIOUS_MOVE = YES;
				CLANG_WARN_UNGUARDED_AVAILABILITY = YES_AGGRESSIVE;
				CLANG_WARN_UNREACHABLE_CODE = YES;
				CLANG_WARN__DUPLICATE_METHOD_MATCH = YES;
				COPY_PHASE_STRIP = NO;
				DEBUG_INFORMATION_FORMAT = dwarf;
				ENABLE_STRICT_OBJC_MSGSEND = YES;
				ENABLE_TESTABILITY = YES;
				GCC_C_LANGUAGE_STANDARD = gnu11;
				GCC_DYNAMIC_NO_PIC = NO;
				GCC_NO_COMMON_BLOCKS = YES;
				GCC_OPTIMIZATION_LEVEL = 0;
				GCC_PREPROCESSOR_DEFINITIONS = (
					"DEBUG=1",
					"$(inherited)",
				);
				GCC_WARN_64_TO_32_BIT_CONVERSION = YES;
				GCC_WARN_ABOUT_RETURN_TYPE = YES_ERROR;
				GCC_WARN_UNDECLARED_SELECTOR = YES;
				GCC_WARN_UNINITIALIZED_AUTOS = YES_AGGRESSIVE;
				GCC_WARN_UNUSED_FUNCTION = YES;
				GCC_WARN_UNUSED_VARIABLE = YES;
				IPHONEOS_DEPLOYMENT_TARGET = 13.7;
				MTL_ENABLE_DEBUG_INFO = INCLUDE_SOURCE;
				MTL_FAST_MATH = YES;
				ONLY_ACTIVE_ARCH = YES;
				SDKROOT = iphoneos;
				SWIFT_ACTIVE_COMPILATION_CONDITIONS = DEBUG;
				SWIFT_OPTIMIZATION_LEVEL = "-Onone";
			};
			name = Debug;
		};
		3B0CD954250B874B00CC20C3 /* Release */ = {
			isa = XCBuildConfiguration;
			buildSettings = {
				ALWAYS_SEARCH_USER_PATHS = NO;
				CLANG_ANALYZER_NONNULL = YES;
				CLANG_ANALYZER_NUMBER_OBJECT_CONVERSION = YES_AGGRESSIVE;
				CLANG_CXX_LANGUAGE_STANDARD = "gnu++14";
				CLANG_CXX_LIBRARY = "libc++";
				CLANG_ENABLE_MODULES = YES;
				CLANG_ENABLE_OBJC_ARC = YES;
				CLANG_ENABLE_OBJC_WEAK = YES;
				CLANG_WARN_BLOCK_CAPTURE_AUTORELEASING = YES;
				CLANG_WARN_BOOL_CONVERSION = YES;
				CLANG_WARN_COMMA = YES;
				CLANG_WARN_CONSTANT_CONVERSION = YES;
				CLANG_WARN_DEPRECATED_OBJC_IMPLEMENTATIONS = YES;
				CLANG_WARN_DIRECT_OBJC_ISA_USAGE = YES_ERROR;
				CLANG_WARN_DOCUMENTATION_COMMENTS = YES;
				CLANG_WARN_EMPTY_BODY = YES;
				CLANG_WARN_ENUM_CONVERSION = YES;
				CLANG_WARN_INFINITE_RECURSION = YES;
				CLANG_WARN_INT_CONVERSION = YES;
				CLANG_WARN_NON_LITERAL_NULL_CONVERSION = YES;
				CLANG_WARN_OBJC_IMPLICIT_RETAIN_SELF = YES;
				CLANG_WARN_OBJC_LITERAL_CONVERSION = YES;
				CLANG_WARN_OBJC_ROOT_CLASS = YES_ERROR;
				CLANG_WARN_RANGE_LOOP_ANALYSIS = YES;
				CLANG_WARN_STRICT_PROTOTYPES = YES;
				CLANG_WARN_SUSPICIOUS_MOVE = YES;
				CLANG_WARN_UNGUARDED_AVAILABILITY = YES_AGGRESSIVE;
				CLANG_WARN_UNREACHABLE_CODE = YES;
				CLANG_WARN__DUPLICATE_METHOD_MATCH = YES;
				COPY_PHASE_STRIP = NO;
				DEBUG_INFORMATION_FORMAT = "dwarf-with-dsym";
				ENABLE_NS_ASSERTIONS = NO;
				ENABLE_STRICT_OBJC_MSGSEND = YES;
				GCC_C_LANGUAGE_STANDARD = gnu11;
				GCC_NO_COMMON_BLOCKS = YES;
				GCC_WARN_64_TO_32_BIT_CONVERSION = YES;
				GCC_WARN_ABOUT_RETURN_TYPE = YES_ERROR;
				GCC_WARN_UNDECLARED_SELECTOR = YES;
				GCC_WARN_UNINITIALIZED_AUTOS = YES_AGGRESSIVE;
				GCC_WARN_UNUSED_FUNCTION = YES;
				GCC_WARN_UNUSED_VARIABLE = YES;
				IPHONEOS_DEPLOYMENT_TARGET = 13.7;
				MTL_ENABLE_DEBUG_INFO = NO;
				MTL_FAST_MATH = YES;
				SDKROOT = iphoneos;
				SWIFT_COMPILATION_MODE = wholemodule;
				SWIFT_OPTIMIZATION_LEVEL = "-O";
				VALIDATE_PRODUCT = YES;
			};
			name = Release;
		};
		3B0CD956250B874B00CC20C3 /* Debug */ = {
			isa = XCBuildConfiguration;
			buildSettings = {
				ASSETCATALOG_COMPILER_APPICON_NAME = AppIcon;
				CODE_SIGN_STYLE = Automatic;
				INFOPLIST_FILE = SampleProject/Info.plist;
				LD_RUNPATH_SEARCH_PATHS = (
					"$(inherited)",
					"@executable_path/Frameworks",
				);
				PRODUCT_BUNDLE_IDENTIFIER = com.sparkout.SampleProject;
				PRODUCT_NAME = "$(TARGET_NAME)";
				SWIFT_VERSION = 5.0;
				TARGETED_DEVICE_FAMILY = "1,2";
			};
			name = Debug;
		};
		3B0CD957250B874B00CC20C3 /* Release */ = {
			isa = XCBuildConfiguration;
			buildSettings = {
				ASSETCATALOG_COMPILER_APPICON_NAME = AppIcon;
				CODE_SIGN_STYLE = Automatic;
				INFOPLIST_FILE = SampleProject/Info.plist;
				LD_RUNPATH_SEARCH_PATHS = (
					"$(inherited)",
					"@executable_path/Frameworks",
				);
				PRODUCT_BUNDLE_IDENTIFIER = com.sparkout.SampleProject;
				PRODUCT_NAME = "$(TARGET_NAME)";
				SWIFT_VERSION = 5.0;
				TARGETED_DEVICE_FAMILY = "1,2";
			};
			name = Release;
		};
		3B0CD959250B874B00CC20C3 /* Debug */ = {
			isa = XCBuildConfiguration;
			buildSettings = {
				ALWAYS_EMBED_SWIFT_STANDARD_LIBRARIES = YES;
				BUNDLE_LOADER = "$(TEST_HOST)";
				CODE_SIGN_STYLE = Automatic;
				INFOPLIST_FILE = SampleProjectTests/Info.plist;
				IPHONEOS_DEPLOYMENT_TARGET = 13.7;
				LD_RUNPATH_SEARCH_PATHS = (
					"$(inherited)",
					"@executable_path/Frameworks",
					"@loader_path/Frameworks",
				);
				PRODUCT_BUNDLE_IDENTIFIER = com.sparkout.SampleProjectTests;
				PRODUCT_NAME = "$(TARGET_NAME)";
				SWIFT_VERSION = 5.0;
				TARGETED_DEVICE_FAMILY = "1,2";
				TEST_HOST = "$(BUILT_PRODUCTS_DIR)/SampleProject.app/SampleProject";
			};
			name = Debug;
		};
		3B0CD95A250B874B00CC20C3 /* Release */ = {
			isa = XCBuildConfiguration;
			buildSettings = {
				ALWAYS_EMBED_SWIFT_STANDARD_LIBRARIES = YES;
				BUNDLE_LOADER = "$(TEST_HOST)";
				CODE_SIGN_STYLE = Automatic;
				INFOPLIST_FILE = SampleProjectTests/Info.plist;
				IPHONEOS_DEPLOYMENT_TARGET = 13.7;
				LD_RUNPATH_SEARCH_PATHS = (
					"$(inherited)",
					"@executable_path/Frameworks",
					"@loader_path/Frameworks",
				);
				PRODUCT_BUNDLE_IDENTIFIER = com.sparkout.SampleProjectTests;
				PRODUCT_NAME = "$(TARGET_NAME)";
				SWIFT_VERSION = 5.0;
				TARGETED_DEVICE_FAMILY = "1,2";
				TEST_HOST = "$(BUILT_PRODUCTS_DIR)/SampleProject.app/SampleProject";
			};
			name = Release;
		};
		3B0CD95C250B874B00CC20C3 /* Debug */ = {
			isa = XCBuildConfiguration;
			buildSettings = {
				ALWAYS_EMBED_SWIFT_STANDARD_LIBRARIES = YES;
				CODE_SIGN_STYLE = Automatic;
				INFOPLIST_FILE = SampleProjectUITests/Info.plist;
				LD_RUNPATH_SEARCH_PATHS = (
					"$(inherited)",
					"@executable_path/Frameworks",
					"@loader_path/Frameworks",
				);
				PRODUCT_BUNDLE_IDENTIFIER = com.sparkout.SampleProjectUITests;
				PRODUCT_NAME = "$(TARGET_NAME)";
				SWIFT_VERSION = 5.0;
				TARGETED_DEVICE_FAMILY = "1,2";
				TEST_TARGET_NAME = SampleProject;
			};
			name = Debug;
		};
		3B0CD95D250B874B00CC20C3 /* Release */ = {
			isa = XCBuildConfiguration;
			buildSettings = {
				ALWAYS_EMBED_SWIFT_STANDARD_LIBRARIES = YES;
				CODE_SIGN_STYLE = Automatic;
				INFOPLIST_FILE = SampleProjectUITests/Info.plist;
				LD_RUNPATH_SEARCH_PATHS = (
					"$(inherited)",
					"@executable_path/Frameworks",
					"@loader_path/Frameworks",
				);
				PRODUCT_BUNDLE_IDENTIFIER = com.sparkout.SampleProjectUITests;
				PRODUCT_NAME = "$(TARGET_NAME)";
				SWIFT_VERSION = 5.0;
				TARGETED_DEVICE_FAMILY = "1,2";
				TEST_TARGET_NAME = SampleProject;
			};
			name = Release;
		};
/* End XCBuildConfiguration section */

/* Begin XCConfigurationList section */
		3B0CD926250B873300CC20C3 /* Build configuration list for PBXProject "SampleProject" */ = {
			isa = XCConfigurationList;
			buildConfigurations = (
				3B0CD953250B874B00CC20C3 /* Debug */,
				3B0CD954250B874B00CC20C3 /* Release */,
			);
			defaultConfigurationIsVisible = 0;
			defaultConfigurationName = Release;
		};
		3B0CD955250B874B00CC20C3 /* Build configuration list for PBXNativeTarget "SampleProject" */ = {
			isa = XCConfigurationList;
			buildConfigurations = (
				3B0CD956250B874B00CC20C3 /* Debug */,
				3B0CD957250B874B00CC20C3 /* Release */,
			);
			defaultConfigurationIsVisible = 0;
			defaultConfigurationName = Release;
		};
		3B0CD958250B874B00CC20C3 /* Build configuration list for PBXNativeTarget "SampleProjectTests" */ = {
			isa = XCConfigurationList;
			buildConfigurations = (
				3B0CD959250B874B00CC20C3 /* Debug */,
				3B0CD95A250B874B00CC20C3 /* Release */,
			);
			defaultConfigurationIsVisible = 0;
			defaultConfigurationName = Release;
		};
		3B0CD95B250B874B00CC20C3 /* Build configuration list for PBXNativeTarget "SampleProjectUITests" */ = {
			isa = XCConfigurationList;
			buildConfigurations = (
				3B0CD95C250B874B00CC20C3 /* Debug */,
				3B0CD95D250B874B00CC20C3 /* Release */,
			);
			defaultConfigurationIsVisible = 0;
			defaultConfigurationName = Release;
		};
/* End XCConfigurationList section */
	};
	rootObject = 3B0CD923250B873300CC20C3 /* Project object */;
}
